{
  "nodes": {
    "nixpkgs": {
      "locked": {
        "lastModified": 1757076073,
        "narHash": "sha256-O0NKO6RUofEhvkpEW0kLB3jU2Vgt13+DU7hCiVEDFBY=",
        "owner": "NixOS",
        "repo": "nixpkgs",
        "rev": "3f446bcc494b0cc9e9eaed2a58b7398341211ca2",
        "type": "github"
      },
      "original": {
        "owner": "NixOS",
        "ref": "release-25.05",
        "repo": "nixpkgs",
        "type": "github"
      }
    },
    "root": {
      "inputs": {
        "nixpkgs": "nixpkgs"
      }
    }
  },
  "root": "root",
  "version": 7
}
