{
  "nodes": {
    "nixpkgs": {
      "locked": {
        "lastModified": 1712136707,
        "narHash": "sha256-8mHY6d6aGnkDsr+zq1HWjEOCis/QN9WBSX6uQDSIFPY=",
        "owner": "NixOS",
        "repo": "nixpkgs",
        "rev": "4d56ff08cf00686829f188d7fcc2f0ad4908c5bd",
        "type": "github"
      },
      "original": {
        "owner": "NixOS",
        "ref": "release-23.11",
        "repo": "nixpkgs",
        "type": "github"
      }
    },
    "root": {
      "inputs": {
        "nixpkgs": "nixpkgs"
      }
    }
  },
  "root": "root",
  "version": 7
}
